// !$*UTF8*$!
{
	archiveVersion = 1;
	classes = {
	};
	objectVersion = 50;
	objects = {

/* Begin PBXBuildFile section */
		7856C419243C5F6A00BB5AA6 /* AppDelegate.swift in Sources */ = {isa = PBXBuildFile; fileRef = 7856C418243C5F6A00BB5AA6 /* AppDelegate.swift */; };
		7856C41D243C5F6A00BB5AA6 /* LoginViewController.swift in Sources */ = {isa = PBXBuildFile; fileRef = 7856C41C243C5F6A00BB5AA6 /* LoginViewController.swift */; };
		7856C420243C5F6A00BB5AA6 /* Main.storyboard in Resources */ = {isa = PBXBuildFile; fileRef = 7856C41E243C5F6A00BB5AA6 /* Main.storyboard */; };
		7856C422243C5F6B00BB5AA6 /* Assets.xcassets in Resources */ = {isa = PBXBuildFile; fileRef = 7856C421243C5F6B00BB5AA6 /* Assets.xcassets */; };
		7856C425243C5F6B00BB5AA6 /* LaunchScreen.storyboard in Resources */ = {isa = PBXBuildFile; fileRef = 7856C423243C5F6B00BB5AA6 /* LaunchScreen.storyboard */; };
		786D6FF9243CD94000C879F8 /* LICENSE.txt in Resources */ = {isa = PBXBuildFile; fileRef = 786D6FF8243CD94000C879F8 /* LICENSE.txt */; };
		786D6FFB243CD94E00C879F8 /* KeychainItem.swift in Sources */ = {isa = PBXBuildFile; fileRef = 786D6FFA243CD94E00C879F8 /* KeychainItem.swift */; };
		786D6FFF243CF6D000C879F8 /* MainTabBarController.swift in Sources */ = {isa = PBXBuildFile; fileRef = 786D6FFE243CF6D000C879F8 /* MainTabBarController.swift */; };
		786D7001243CFE3900C879F8 /* MainSettingsTableViewController.swift in Sources */ = {isa = PBXBuildFile; fileRef = 786D7000243CFE3900C879F8 /* MainSettingsTableViewController.swift */; };
/* End PBXBuildFile section */

/* Begin PBXFileReference section */
		7856C415243C5F6A00BB5AA6 /* shareables.app */ = {isa = PBXFileReference; explicitFileType = wrapper.application; includeInIndex = 0; path = shareables.app; sourceTree = BUILT_PRODUCTS_DIR; };
		7856C418243C5F6A00BB5AA6 /* AppDelegate.swift */ = {isa = PBXFileReference; lastKnownFileType = sourcecode.swift; path = AppDelegate.swift; sourceTree = "<group>"; };
		7856C41C243C5F6A00BB5AA6 /* LoginViewController.swift */ = {isa = PBXFileReference; lastKnownFileType = sourcecode.swift; path = LoginViewController.swift; sourceTree = "<group>"; };
		7856C41F243C5F6A00BB5AA6 /* Base */ = {isa = PBXFileReference; lastKnownFileType = file.storyboard; name = Base; path = Base.lproj/Main.storyboard; sourceTree = "<group>"; };
		7856C421243C5F6B00BB5AA6 /* Assets.xcassets */ = {isa = PBXFileReference; lastKnownFileType = folder.assetcatalog; path = Assets.xcassets; sourceTree = "<group>"; };
		7856C424243C5F6B00BB5AA6 /* Base */ = {isa = PBXFileReference; lastKnownFileType = file.storyboard; name = Base; path = Base.lproj/LaunchScreen.storyboard; sourceTree = "<group>"; };
		7856C426243C5F6B00BB5AA6 /* Info.plist */ = {isa = PBXFileReference; lastKnownFileType = text.plist.xml; path = Info.plist; sourceTree = "<group>"; };
		785EA559243CD35C005FBC19 /* shareables.entitlements */ = {isa = PBXFileReference; lastKnownFileType = text.plist.entitlements; path = shareables.entitlements; sourceTree = "<group>"; };
		786D6FF8243CD94000C879F8 /* LICENSE.txt */ = {isa = PBXFileReference; fileEncoding = 4; lastKnownFileType = text; path = LICENSE.txt; sourceTree = "<group>"; };
		786D6FFA243CD94E00C879F8 /* KeychainItem.swift */ = {isa = PBXFileReference; fileEncoding = 4; lastKnownFileType = sourcecode.swift; path = KeychainItem.swift; sourceTree = "<group>"; };
		786D6FFE243CF6D000C879F8 /* MainTabBarController.swift */ = {isa = PBXFileReference; lastKnownFileType = sourcecode.swift; path = MainTabBarController.swift; sourceTree = "<group>"; };
		786D7000243CFE3900C879F8 /* MainSettingsTableViewController.swift */ = {isa = PBXFileReference; lastKnownFileType = sourcecode.swift; path = MainSettingsTableViewController.swift; sourceTree = "<group>"; };
/* End PBXFileReference section */

/* Begin PBXFrameworksBuildPhase section */
		7856C412243C5F6A00BB5AA6 /* Frameworks */ = {
			isa = PBXFrameworksBuildPhase;
			buildActionMask = 2147483647;
			files = (
			);
			runOnlyForDeploymentPostprocessing = 0;
		};
/* End PBXFrameworksBuildPhase section */

/* Begin PBXGroup section */
		7856C40C243C5F6A00BB5AA6 = {
			isa = PBXGroup;
			children = (
				7856C417243C5F6A00BB5AA6 /* shareables */,
				7856C416243C5F6A00BB5AA6 /* Products */,
			);
			sourceTree = "<group>";
		};
		7856C416243C5F6A00BB5AA6 /* Products */ = {
			isa = PBXGroup;
			children = (
				7856C415243C5F6A00BB5AA6 /* shareables.app */,
			);
			name = Products;
			sourceTree = "<group>";
		};
		7856C417243C5F6A00BB5AA6 /* shareables */ = {
			isa = PBXGroup;
			children = (
				785EA559243CD35C005FBC19 /* shareables.entitlements */,
				7856C418243C5F6A00BB5AA6 /* AppDelegate.swift */,
				7856C41C243C5F6A00BB5AA6 /* LoginViewController.swift */,
				786D6FFE243CF6D000C879F8 /* MainTabBarController.swift */,
				786D7000243CFE3900C879F8 /* MainSettingsTableViewController.swift */,
				7856C41E243C5F6A00BB5AA6 /* Main.storyboard */,
				7856C421243C5F6B00BB5AA6 /* Assets.xcassets */,
				7856C423243C5F6B00BB5AA6 /* LaunchScreen.storyboard */,
				7856C426243C5F6B00BB5AA6 /* Info.plist */,
				786D6FF7243CD92C00C879F8 /* Apple Supporting Files */,
			);
			path = shareables;
			sourceTree = "<group>";
		};
		786D6FF7243CD92C00C879F8 /* Apple Supporting Files */ = {
			isa = PBXGroup;
			children = (
				786D6FFA243CD94E00C879F8 /* KeychainItem.swift */,
				786D6FF8243CD94000C879F8 /* LICENSE.txt */,
			);
			path = "Apple Supporting Files";
			sourceTree = "<group>";
		};
/* End PBXGroup section */

/* Begin PBXNativeTarget section */
		7856C414243C5F6A00BB5AA6 /* shareables */ = {
			isa = PBXNativeTarget;
			buildConfigurationList = 7856C429243C5F6B00BB5AA6 /* Build configuration list for PBXNativeTarget "shareables" */;
			buildPhases = (
				7856C411243C5F6A00BB5AA6 /* Sources */,
				7856C412243C5F6A00BB5AA6 /* Frameworks */,
				7856C413243C5F6A00BB5AA6 /* Resources */,
			);
			buildRules = (
			);
			dependencies = (
			);
			name = shareables;
			productName = shareables;
			productReference = 7856C415243C5F6A00BB5AA6 /* shareables.app */;
			productType = "com.apple.product-type.application";
		};
/* End PBXNativeTarget section */

/* Begin PBXProject section */
		7856C40D243C5F6A00BB5AA6 /* Project object */ = {
			isa = PBXProject;
			attributes = {
				LastSwiftUpdateCheck = 1140;
				LastUpgradeCheck = 1140;
				ORGANIZATIONNAME = "Kirin Patel";
				TargetAttributes = {
					7856C414243C5F6A00BB5AA6 = {
						CreatedOnToolsVersion = 11.4;
					};
				};
			};
			buildConfigurationList = 7856C410243C5F6A00BB5AA6 /* Build configuration list for PBXProject "shareables" */;
			compatibilityVersion = "Xcode 9.3";
			developmentRegion = en;
			hasScannedForEncodings = 0;
			knownRegions = (
				en,
				Base,
			);
			mainGroup = 7856C40C243C5F6A00BB5AA6;
			productRefGroup = 7856C416243C5F6A00BB5AA6 /* Products */;
			projectDirPath = "";
			projectRoot = "";
			targets = (
				7856C414243C5F6A00BB5AA6 /* shareables */,
			);
		};
/* End PBXProject section */

/* Begin PBXResourcesBuildPhase section */
		7856C413243C5F6A00BB5AA6 /* Resources */ = {
			isa = PBXResourcesBuildPhase;
			buildActionMask = 2147483647;
			files = (
				786D6FF9243CD94000C879F8 /* LICENSE.txt in Resources */,
				7856C425243C5F6B00BB5AA6 /* LaunchScreen.storyboard in Resources */,
				7856C422243C5F6B00BB5AA6 /* Assets.xcassets in Resources */,
				7856C420243C5F6A00BB5AA6 /* Main.storyboard in Resources */,
			);
			runOnlyForDeploymentPostprocessing = 0;
		};
/* End PBXResourcesBuildPhase section */

/* Begin PBXSourcesBuildPhase section */
		7856C411243C5F6A00BB5AA6 /* Sources */ = {
			isa = PBXSourcesBuildPhase;
			buildActionMask = 2147483647;
			files = (
				786D7001243CFE3900C879F8 /* MainSettingsTableViewController.swift in Sources */,
				786D6FFF243CF6D000C879F8 /* MainTabBarController.swift in Sources */,
				786D6FFB243CD94E00C879F8 /* KeychainItem.swift in Sources */,
				7856C41D243C5F6A00BB5AA6 /* LoginViewController.swift in Sources */,
				7856C419243C5F6A00BB5AA6 /* AppDelegate.swift in Sources */,
			);
			runOnlyForDeploymentPostprocessing = 0;
		};
/* End PBXSourcesBuildPhase section */

/* Begin PBXVariantGroup section */
		7856C41E243C5F6A00BB5AA6 /* Main.storyboard */ = {
			isa = PBXVariantGroup;
			children = (
				7856C41F243C5F6A00BB5AA6 /* Base */,
			);
			name = Main.storyboard;
			sourceTree = "<group>";
		};
		7856C423243C5F6B00BB5AA6 /* LaunchScreen.storyboard */ = {
			isa = PBXVariantGroup;
			children = (
				7856C424243C5F6B00BB5AA6 /* Base */,
			);
			name = LaunchScreen.storyboard;
			sourceTree = "<group>";
		};
/* End PBXVariantGroup section */

/* Begin XCBuildConfiguration section */
		7856C427243C5F6B00BB5AA6 /* Debug */ = {
			isa = XCBuildConfiguration;
			buildSettings = {
				ALWAYS_SEARCH_USER_PATHS = NO;
				CLANG_ANALYZER_NONNULL = YES;
				CLANG_ANALYZER_NUMBER_OBJECT_CONVERSION = YES_AGGRESSIVE;
				CLANG_CXX_LANGUAGE_STANDARD = "gnu++14";
				CLANG_CXX_LIBRARY = "libc++";
				CLANG_ENABLE_MODULES = YES;
				CLANG_ENABLE_OBJC_ARC = YES;
				CLANG_ENABLE_OBJC_WEAK = YES;
				CLANG_WARN_BLOCK_CAPTURE_AUTORELEASING = YES;
				CLANG_WARN_BOOL_CONVERSION = YES;
				CLANG_WARN_COMMA = YES;
				CLANG_WARN_CONSTANT_CONVERSION = YES;
				CLANG_WARN_DEPRECATED_OBJC_IMPLEMENTATIONS = YES;
				CLANG_WARN_DIRECT_OBJC_ISA_USAGE = YES_ERROR;
				CLANG_WARN_DOCUMENTATION_COMMENTS = YES;
				CLANG_WARN_EMPTY_BODY = YES;
				CLANG_WARN_ENUM_CONVERSION = YES;
				CLANG_WARN_INFINITE_RECURSION = YES;
				CLANG_WARN_INT_CONVERSION = YES;
				CLANG_WARN_NON_LITERAL_NULL_CONVERSION = YES;
				CLANG_WARN_OBJC_IMPLICIT_RETAIN_SELF = YES;
				CLANG_WARN_OBJC_LITERAL_CONVERSION = YES;
				CLANG_WARN_OBJC_ROOT_CLASS = YES_ERROR;
				CLANG_WARN_RANGE_LOOP_ANALYSIS = YES;
				CLANG_WARN_STRICT_PROTOTYPES = YES;
				CLANG_WARN_SUSPICIOUS_MOVE = YES;
				CLANG_WARN_UNGUARDED_AVAILABILITY = YES_AGGRESSIVE;
				CLANG_WARN_UNREACHABLE_CODE = YES;
				CLANG_WARN__DUPLICATE_METHOD_MATCH = YES;
				COPY_PHASE_STRIP = NO;
				DEBUG_INFORMATION_FORMAT = dwarf;
				ENABLE_STRICT_OBJC_MSGSEND = YES;
				ENABLE_TESTABILITY = YES;
				GCC_C_LANGUAGE_STANDARD = gnu11;
				GCC_DYNAMIC_NO_PIC = NO;
				GCC_NO_COMMON_BLOCKS = YES;
				GCC_OPTIMIZATION_LEVEL = 0;
				GCC_PREPROCESSOR_DEFINITIONS = (
					"DEBUG=1",
					"$(inherited)",
				);
				GCC_WARN_64_TO_32_BIT_CONVERSION = YES;
				GCC_WARN_ABOUT_RETURN_TYPE = YES_ERROR;
				GCC_WARN_UNDECLARED_SELECTOR = YES;
				GCC_WARN_UNINITIALIZED_AUTOS = YES_AGGRESSIVE;
				GCC_WARN_UNUSED_FUNCTION = YES;
				GCC_WARN_UNUSED_VARIABLE = YES;
				IPHONEOS_DEPLOYMENT_TARGET = 13.4;
				MTL_ENABLE_DEBUG_INFO = INCLUDE_SOURCE;
				MTL_FAST_MATH = YES;
				ONLY_ACTIVE_ARCH = YES;
				SDKROOT = iphoneos;
				SWIFT_ACTIVE_COMPILATION_CONDITIONS = DEBUG;
				SWIFT_OPTIMIZATION_LEVEL = "-Onone";
			};
			name = Debug;
		};
		7856C428243C5F6B00BB5AA6 /* Release */ = {
			isa = XCBuildConfiguration;
			buildSettings = {
				ALWAYS_SEARCH_USER_PATHS = NO;
				CLANG_ANALYZER_NONNULL = YES;
				CLANG_ANALYZER_NUMBER_OBJECT_CONVERSION = YES_AGGRESSIVE;
				CLANG_CXX_LANGUAGE_STANDARD = "gnu++14";
				CLANG_CXX_LIBRARY = "libc++";
				CLANG_ENABLE_MODULES = YES;
				CLANG_ENABLE_OBJC_ARC = YES;
				CLANG_ENABLE_OBJC_WEAK = YES;
				CLANG_WARN_BLOCK_CAPTURE_AUTORELEASING = YES;
				CLANG_WARN_BOOL_CONVERSION = YES;
				CLANG_WARN_COMMA = YES;
				CLANG_WARN_CONSTANT_CONVERSION = YES;
				CLANG_WARN_DEPRECATED_OBJC_IMPLEMENTATIONS = YES;
				CLANG_WARN_DIRECT_OBJC_ISA_USAGE = YES_ERROR;
				CLANG_WARN_DOCUMENTATION_COMMENTS = YES;
				CLANG_WARN_EMPTY_BODY = YES;
				CLANG_WARN_ENUM_CONVERSION = YES;
				CLANG_WARN_INFINITE_RECURSION = YES;
				CLANG_WARN_INT_CONVERSION = YES;
				CLANG_WARN_NON_LITERAL_NULL_CONVERSION = YES;
				CLANG_WARN_OBJC_IMPLICIT_RETAIN_SELF = YES;
				CLANG_WARN_OBJC_LITERAL_CONVERSION = YES;
				CLANG_WARN_OBJC_ROOT_CLASS = YES_ERROR;
				CLANG_WARN_RANGE_LOOP_ANALYSIS = YES;
				CLANG_WARN_STRICT_PROTOTYPES = YES;
				CLANG_WARN_SUSPICIOUS_MOVE = YES;
				CLANG_WARN_UNGUARDED_AVAILABILITY = YES_AGGRESSIVE;
				CLANG_WARN_UNREACHABLE_CODE = YES;
				CLANG_WARN__DUPLICATE_METHOD_MATCH = YES;
				COPY_PHASE_STRIP = NO;
				DEBUG_INFORMATION_FORMAT = "dwarf-with-dsym";
				ENABLE_NS_ASSERTIONS = NO;
				ENABLE_STRICT_OBJC_MSGSEND = YES;
				GCC_C_LANGUAGE_STANDARD = gnu11;
				GCC_NO_COMMON_BLOCKS = YES;
				GCC_WARN_64_TO_32_BIT_CONVERSION = YES;
				GCC_WARN_ABOUT_RETURN_TYPE = YES_ERROR;
				GCC_WARN_UNDECLARED_SELECTOR = YES;
				GCC_WARN_UNINITIALIZED_AUTOS = YES_AGGRESSIVE;
				GCC_WARN_UNUSED_FUNCTION = YES;
				GCC_WARN_UNUSED_VARIABLE = YES;
				IPHONEOS_DEPLOYMENT_TARGET = 13.4;
				MTL_ENABLE_DEBUG_INFO = NO;
				MTL_FAST_MATH = YES;
				SDKROOT = iphoneos;
				SWIFT_COMPILATION_MODE = wholemodule;
				SWIFT_OPTIMIZATION_LEVEL = "-O";
				VALIDATE_PRODUCT = YES;
			};
			name = Release;
		};
		7856C42A243C5F6B00BB5AA6 /* Debug */ = {
			isa = XCBuildConfiguration;
			buildSettings = {
				ASSETCATALOG_COMPILER_APPICON_NAME = AppIcon;
				CODE_SIGN_ENTITLEMENTS = shareables/shareables.entitlements;
				CODE_SIGN_STYLE = Automatic;
				CURRENT_PROJECT_VERSION = 4;
				DEVELOPMENT_TEAM = T4GLZ43QVM;
				INFOPLIST_FILE = shareables/Info.plist;
				LD_RUNPATH_SEARCH_PATHS = (
					"$(inherited)",
					"@executable_path/Frameworks",
				);
				MARKETING_VERSION = 0.0.4;
				PRODUCT_BUNDLE_IDENTIFIER = com.kirinpatel.shareables;
				PRODUCT_NAME = "$(TARGET_NAME)";
				SWIFT_VERSION = 5.0;
				TARGETED_DEVICE_FAMILY = "1,2";
			};
			name = Debug;
		};
		7856C42B243C5F6B00BB5AA6 /* Release */ = {
			isa = XCBuildConfiguration;
			buildSettings = {
				ASSETCATALOG_COMPILER_APPICON_NAME = AppIcon;
				CODE_SIGN_ENTITLEMENTS = shareables/shareables.entitlements;
				CODE_SIGN_STYLE = Automatic;
				CURRENT_PROJECT_VERSION = 4;
				DEVELOPMENT_TEAM = T4GLZ43QVM;
				INFOPLIST_FILE = shareables/Info.plist;
				LD_RUNPATH_SEARCH_PATHS = (
					"$(inherited)",
					"@executable_path/Frameworks",
				);
				MARKETING_VERSION = 0.0.4;
				PRODUCT_BUNDLE_IDENTIFIER = com.kirinpatel.shareables;
				PRODUCT_NAME = "$(TARGET_NAME)";
				SWIFT_VERSION = 5.0;
				TARGETED_DEVICE_FAMILY = "1,2";
			};
			name = Release;
		};
/* End XCBuildConfiguration section */

/* Begin XCConfigurationList section */
		7856C410243C5F6A00BB5AA6 /* Build configuration list for PBXProject "shareables" */ = {
			isa = XCConfigurationList;
			buildConfigurations = (
				7856C427243C5F6B00BB5AA6 /* Debug */,
				7856C428243C5F6B00BB5AA6 /* Release */,
			);
			defaultConfigurationIsVisible = 0;
			defaultConfigurationName = Release;
		};
		7856C429243C5F6B00BB5AA6 /* Build configuration list for PBXNativeTarget "shareables" */ = {
			isa = XCConfigurationList;
			buildConfigurations = (
				7856C42A243C5F6B00BB5AA6 /* Debug */,
				7856C42B243C5F6B00BB5AA6 /* Release */,
			);
			defaultConfigurationIsVisible = 0;
			defaultConfigurationName = Release;
		};
/* End XCConfigurationList section */
	};
	rootObject = 7856C40D243C5F6A00BB5AA6 /* Project object */;
}
